
Microsoft Visual Studio Solution File, Format Version 12.00
# Visual Studio 15
VisualStudioVersion = 15.0.28307.705
MinimumVisualStudioVersion = 10.0.40219.1
Project("{FAE04EC0-301F-11D3-BF4B-00C04F79EFBC}") = "Sky.Auth.Api", "Sky.Auth.Api\Sky.Auth.Api.csproj", "{A5442BF7-15A9-4179-AEB4-93C4F2D5AB7B}"
EndProject
Project("{FAE04EC0-301F-11D3-BF4B-00C04F79EFBC}") = "Sky.Auth.Command", "Sky.Auth.Command\Sky.Auth.Command.csproj", "{ADDC1813-F781-4976-87CB-635B790C2664}"
EndProject
Global
	GlobalSection(SolutionConfigurationPlatforms) = preSolution
		Debug|Any CPU = Debug|Any CPU
		Release|Any CPU = Release|Any CPU
	EndGlobalSection
	GlobalSection(ProjectConfigurationPlatforms) = postSolution
		{A5442BF7-15A9-4179-AEB4-93C4F2D5AB7B}.Debug|Any CPU.ActiveCfg = Debug|Any CPU
		{A5442BF7-15A9-4179-AEB4-93C4F2D5AB7B}.Debug|Any CPU.Build.0 = Debug|Any CPU
		{A5442BF7-15A9-4179-AEB4-93C4F2D5AB7B}.Release|Any CPU.ActiveCfg = Release|Any CPU
		{A5442BF7-15A9-4179-AEB4-93C4F2D5AB7B}.Release|Any CPU.Build.0 = Release|Any CPU
		{ADDC1813-F781-4976-87CB-635B790C2664}.Debug|Any CPU.ActiveCfg = Debug|Any CPU
		{ADDC1813-F781-4976-87CB-635B790C2664}.Debug|Any CPU.Build.0 = Debug|Any CPU
		{ADDC1813-F781-4976-87CB-635B790C2664}.Release|Any CPU.ActiveCfg = Release|Any CPU
		{ADDC1813-F781-4976-87CB-635B790C2664}.Release|Any CPU.Build.0 = Release|Any CPU
	EndGlobalSection
	GlobalSection(SolutionProperties) = preSolution
		HideSolutionNode = FALSE
	EndGlobalSection
	GlobalSection(ExtensibilityGlobals) = postSolution
		SolutionGuid = {22D9B7D7-8DCD-4488-B948-ABA26AB3A9CE}
	EndGlobalSection
EndGlobal
